
Microsoft Visual Studio Solution File, Format Version 12.00
# Visual Studio Version 16
VisualStudioVersion = 16.0.32228.343
MinimumVisualStudioVersion = 10.0.40219.1
Project("{FAE04EC0-301F-11D3-BF4B-00C04F79EFBC}") = "MVC_WebApp", "MVC_WebApp.csproj", "{88A4FF11-C6C6-45BA-9C1C-4F9D022C79B3}"
EndProject
Global
	GlobalSection(SolutionConfigurationPlatforms) = preSolution
		Debug|Any CPU = Debug|Any CPU
		Release|Any CPU = Release|Any CPU
	EndGlobalSection
	GlobalSection(ProjectConfigurationPlatforms) = postSolution
		{88A4FF11-C6C6-45BA-9C1C-4F9D022C79B3}.Debug|Any CPU.ActiveCfg = Debug|Any CPU
		{88A4FF11-C6C6-45BA-9C1C-4F9D022C79B3}.Debug|Any CPU.Build.0 = Debug|Any CPU
		{88A4FF11-C6C6-45BA-9C1C-4F9D022C79B3}.Release|Any CPU.ActiveCfg = Release|Any CPU
		{88A4FF11-C6C6-45BA-9C1C-4F9D022C79B3}.Release|Any CPU.Build.0 = Release|Any CPU
	EndGlobalSection
	GlobalSection(SolutionProperties) = preSolution
		HideSolutionNode = FALSE
	EndGlobalSection
	GlobalSection(ExtensibilityGlobals) = postSolution
		SolutionGuid = {5DE82085-BD18-46A2-ABE1-6FE90632B4EE}
	EndGlobalSection
EndGlobal
